
Microsoft Visual Studio Solution File, Format Version 12.00
# Visual Studio Version 16
VisualStudioVersion = 16.0.31729.503
MinimumVisualStudioVersion = 10.0.40219.1
Project("{FAE04EC0-301F-11D3-BF4B-00C04F79EFBC}") = "OtelRezervasyonMvc", "OtelRezervasyonMvc\OtelRezervasyonMvc.csproj", "{1FB81919-C2F2-46A0-AAD0-9FE0619D298E}"
EndProject
Global
	GlobalSection(SolutionConfigurationPlatforms) = preSolution
		Debug|Any CPU = Debug|Any CPU
		Release|Any CPU = Release|Any CPU
	EndGlobalSection
	GlobalSection(ProjectConfigurationPlatforms) = postSolution
		{1FB81919-C2F2-46A0-AAD0-9FE0619D298E}.Debug|Any CPU.ActiveCfg = Debug|Any CPU
		{1FB81919-C2F2-46A0-AAD0-9FE0619D298E}.Debug|Any CPU.Build.0 = Debug|Any CPU
		{1FB81919-C2F2-46A0-AAD0-9FE0619D298E}.Release|Any CPU.ActiveCfg = Release|Any CPU
		{1FB81919-C2F2-46A0-AAD0-9FE0619D298E}.Release|Any CPU.Build.0 = Release|Any CPU
	EndGlobalSection
	GlobalSection(SolutionProperties) = preSolution
		HideSolutionNode = FALSE
	EndGlobalSection
	GlobalSection(ExtensibilityGlobals) = postSolution
		SolutionGuid = {2B5CCC38-3407-4840-B738-CBBC8B1999FA}
	EndGlobalSection
EndGlobal
